
Microsoft Visual Studio Solution File, Format Version 12.00
# Visual Studio Version 16
VisualStudioVersion = 16.0.29920.165
MinimumVisualStudioVersion = 10.0.40219.1
Project("{FAE04EC0-301F-11D3-BF4B-00C04F79EFBC}") = "Tiro parabolico", "Tiro parabolico.csproj", "{05902E10-BDF4-4EA9-915C-228FA21C9A62}"
EndProject
Global
	GlobalSection(SolutionConfigurationPlatforms) = preSolution
		Debug|Any CPU = Debug|Any CPU
		Release|Any CPU = Release|Any CPU
	EndGlobalSection
	GlobalSection(ProjectConfigurationPlatforms) = postSolution
		{05902E10-BDF4-4EA9-915C-228FA21C9A62}.Debug|Any CPU.ActiveCfg = Debug|Any CPU
		{05902E10-BDF4-4EA9-915C-228FA21C9A62}.Debug|Any CPU.Build.0 = Debug|Any CPU
		{05902E10-BDF4-4EA9-915C-228FA21C9A62}.Release|Any CPU.ActiveCfg = Release|Any CPU
		{05902E10-BDF4-4EA9-915C-228FA21C9A62}.Release|Any CPU.Build.0 = Release|Any CPU
	EndGlobalSection
	GlobalSection(SolutionProperties) = preSolution
		HideSolutionNode = FALSE
	EndGlobalSection
	GlobalSection(ExtensibilityGlobals) = postSolution
		SolutionGuid = {32BCE552-17C5-44C7-B0A6-CEC51C3894D0}
	EndGlobalSection
EndGlobal
